{
  "name": "@billy30183-rgb/failfold",
  "version": "0.1.0",
  "lockfileVersion": 3,
  "requires": true,
  "packages": {
    "": {
      "name": "@billy30183-rgb/failfold",
      "version": "0.1.0",
      "license": "MIT",
      "bin": {
        "failfold": "src/cli.js"
      },
      "engines": {
        "node": ">=22"
      }
    }
  }
}
